
Microsoft Visual Studio Solution File, Format Version 12.00
# Visual Studio Version 17
VisualStudioVersion = 17.6.33723.286
MinimumVisualStudioVersion = 10.0.40219.1
Project("{888888A0-9F3D-457C-B088-3A5042F75D52}") = "Algorytm_Newton-Raphson", "Algorytm_Newton-Raphson.pyproj", "{5E22A93E-9BB1-4EB3-AC36-81D25B62B1AC}"
EndProject
Global
	GlobalSection(SolutionConfigurationPlatforms) = preSolution
		Debug|Any CPU = Debug|Any CPU
		Release|Any CPU = Release|Any CPU
	EndGlobalSection
	GlobalSection(ProjectConfigurationPlatforms) = postSolution
		{5E22A93E-9BB1-4EB3-AC36-81D25B62B1AC}.Debug|Any CPU.ActiveCfg = Debug|Any CPU
		{5E22A93E-9BB1-4EB3-AC36-81D25B62B1AC}.Release|Any CPU.ActiveCfg = Release|Any CPU
	EndGlobalSection
	GlobalSection(SolutionProperties) = preSolution
		HideSolutionNode = FALSE
	EndGlobalSection
	GlobalSection(ExtensibilityGlobals) = postSolution
		SolutionGuid = {A3E2AC2F-FF31-4D6E-B34F-300DFFCF998E}
	EndGlobalSection
EndGlobal
