
Microsoft Visual Studio Solution File, Format Version 12.00
# Visual Studio Version 17
VisualStudioVersion = 17.6.33723.286
MinimumVisualStudioVersion = 10.0.40219.1
Project("{888888A0-9F3D-457C-B088-3A5042F75D52}") = "Calki_trapez", "Calki_trapez.pyproj", "{E11D6CC8-28B2-4393-94DE-7915B766167B}"
EndProject
Global
	GlobalSection(SolutionConfigurationPlatforms) = preSolution
		Debug|Any CPU = Debug|Any CPU
		Release|Any CPU = Release|Any CPU
	EndGlobalSection
	GlobalSection(ProjectConfigurationPlatforms) = postSolution
		{E11D6CC8-28B2-4393-94DE-7915B766167B}.Debug|Any CPU.ActiveCfg = Debug|Any CPU
		{E11D6CC8-28B2-4393-94DE-7915B766167B}.Release|Any CPU.ActiveCfg = Release|Any CPU
	EndGlobalSection
	GlobalSection(SolutionProperties) = preSolution
		HideSolutionNode = FALSE
	EndGlobalSection
	GlobalSection(ExtensibilityGlobals) = postSolution
		SolutionGuid = {A2C113ED-DEE6-432B-863B-412FFD712988}
	EndGlobalSection
EndGlobal
